Microsoft Visual Studio Solution File, Format Version 11.00
# Visual Studio 2008

Project("{45015DE0-4257-B741-9A7D-8B5DDF7E86AE}") = "Blueberry", "Assembly-CSharp-vs.csproj", "{098F730A-3A0F-2952-BCFA-BCC262119079}"
EndProject
Global
	GlobalSection(SolutionConfigurationPlatforms) = preSolution
		Debug|Any CPU = Debug|Any CPU
		Release|Any CPU = Release|Any CPU
	EndGlobalSection
	GlobalSection(ProjectConfigurationPlatforms) = postSolution
		{098F730A-3A0F-2952-BCFA-BCC262119079}.Debug|Any CPU.ActiveCfg = Debug|Any CPU
		{098F730A-3A0F-2952-BCFA-BCC262119079}.Debug|Any CPU.Build.0 = Debug|Any CPU
		{098F730A-3A0F-2952-BCFA-BCC262119079}.Release|Any CPU.ActiveCfg = Release|Any CPU
		{098F730A-3A0F-2952-BCFA-BCC262119079}.Release|Any CPU.Build.0 = Release|Any CPU
	EndGlobalSection
	GlobalSection(SolutionProperties) = preSolution
		HideSolutionNode = FALSE
	EndGlobalSection
																																																																																		GlobalSection(MonoDevelopProperties) = preSolution
=======
																																																						GlobalSection(MonoDevelopProperties) = preSolution
>>>>>>> origin/Conner's-Branch
		StartupItem = Assembly-CSharp.csproj
		Policies = $0
		$0.TextStylePolicy = $1
		$1.inheritsSet = null
		$1.scope = text/x-csharp
		$0.CSharpFormattingPolicy = $2
		$2.inheritsSet = Mono
		$2.inheritsScope = text/x-csharp
		$2.scope = text/x-csharp
		$0.TextStylePolicy = $3
		$3.FileWidth = 120
		$3.TabWidth = 4
		$3.EolMarker = Unix
		$3.inheritsSet = Mono
		$3.inheritsScope = text/plain
		$3.scope = text/plain
	EndGlobalSection

EndGlobal
